# This file is automatically @generated by Cargo.
# It is not intended for manual editing.
version = 3

[[package]]
name = "day3"
version = "0.1.0"
dependencies = [
 "find_all",
]

[[package]]
name = "find_all"
version = "2.0.0"
source = "registry+https://github.com/rust-lang/crates.io-index"
checksum = "8a3b40b97938cd51e8e285e12019dcd28b7e71d7398b6074d92308cebc03888f"
